<?xml version="1.0" encoding="UTF-8" standalone="yes" ?>
<CodeBlocks_project_file>
	<FileVersion major="1" minor="6" />
	<Project>
		<Option title="Roomba" />
		<Option pch_mode="2" />
		<Option compiler="gcc" />
		<Build>
			<Target title="Debug">
				<Option output="bin/Debug/Roomba" prefix_auto="1" extension_auto="1" />
				<Option object_output="obj/Debug/" />
				<Option type="1" />
				<Option compiler="gcc" />
				<Compiler>
					<Add option="-g" />
					<Add directory="../Roomba" />
					<Add directory="src/Robot" />
					<Add directory="src" />
					<Add directory="src/Robot/Models" />
				</Compiler>
			</Target>
			<Target title="Release">
				<Option output="bin/Release/Roomba" prefix_auto="1" extension_auto="1" />
				<Option object_output="obj/Release/" />
				<Option type="1" />
				<Option compiler="gcc" />
				<Compiler>
					<Add option="-O2" />
					<Add directory="../Roomba" />
					<Add directory="src/Robot" />
					<Add directory="src" />
					<Add directory="src/Robot/Models" />
				</Compiler>
				<Linker>
					<Add option="-s" />
				</Linker>
			</Target>
		</Build>
		<Compiler>
			<Add option="-Wall" />
			<Add option="-fexceptions" />
		</Compiler>
		<Unit filename="main.cpp" />
		<Unit filename="src/Environment/Environment.cpp" />
		<Unit filename="src/Environment/Environment.h" />
		<Unit filename="src/Robot/Battery.cpp" />
		<Unit filename="src/Robot/Battery.h" />
		<Unit filename="src/Robot/Bumper.cpp" />
		<Unit filename="src/Robot/Bumper.h" />
		<Unit filename="src/Robot/Laser.cpp" />
		<Unit filename="src/Robot/Laser.h" />
		<Unit filename="src/Robot/Models/Robot_M1.cpp" />
		<Unit filename="src/Robot/Models/Robot_M1.h" />
		<Unit filename="src/Robot/Models/Robot_M2.cpp" />
		<Unit filename="src/Robot/Models/Robot_M2.h" />
		<Unit filename="src/Robot/Robot.cpp" />
		<Unit filename="src/Robot/Robot.h" />
		<Unit filename="src/Types/Position.cpp" />
		<Unit filename="src/Types/Position.h" />
		<Extensions>
			<lib_finder disable_auto="1" />
		</Extensions>
	</Project>
</CodeBlocks_project_file>
